
Microsoft Visual Studio Solution File, Format Version 12.00
# Visual Studio Version 16
VisualStudioVersion = 16.0.30804.86
MinimumVisualStudioVersion = 10.0.40219.1
Project("{FAE04EC0-301F-11D3-BF4B-00C04F79EFBC}") = "LojaShokuku", "LojaShokuku\LojaShokuku.csproj", "{9B6CE8CD-FFC0-4EFB-A308-D1F339A80CEA}"
EndProject
Global
	GlobalSection(SolutionConfigurationPlatforms) = preSolution
		Debug|Any CPU = Debug|Any CPU
		Release|Any CPU = Release|Any CPU
	EndGlobalSection
	GlobalSection(ProjectConfigurationPlatforms) = postSolution
		{9B6CE8CD-FFC0-4EFB-A308-D1F339A80CEA}.Debug|Any CPU.ActiveCfg = Debug|Any CPU
		{9B6CE8CD-FFC0-4EFB-A308-D1F339A80CEA}.Debug|Any CPU.Build.0 = Debug|Any CPU
		{9B6CE8CD-FFC0-4EFB-A308-D1F339A80CEA}.Release|Any CPU.ActiveCfg = Release|Any CPU
		{9B6CE8CD-FFC0-4EFB-A308-D1F339A80CEA}.Release|Any CPU.Build.0 = Release|Any CPU
	EndGlobalSection
	GlobalSection(SolutionProperties) = preSolution
		HideSolutionNode = FALSE
	EndGlobalSection
	GlobalSection(ExtensibilityGlobals) = postSolution
		SolutionGuid = {8929AF12-70C7-4837-9A88-62C59F34A4D1}
	EndGlobalSection
EndGlobal
